
Microsoft Visual Studio Solution File, Format Version 12.00
# Visual Studio 2013
VisualStudioVersion = 12.0.20827.3
MinimumVisualStudioVersion = 10.0.40219.1
Project("{8BC9CEB8-8B4A-11D0-8D11-00A0C91BC942}") = "Mage Dodge", "Mage Dodge\Mage Dodge.vcxproj", "{ED70DA87-4200-4A8A-8992-5338ABAAEC33}"
EndProject
Global
	GlobalSection(SolutionConfigurationPlatforms) = preSolution
		Debug|Win32 = Debug|Win32
		Release|Win32 = Release|Win32
	EndGlobalSection
	GlobalSection(ProjectConfigurationPlatforms) = postSolution
		{ED70DA87-4200-4A8A-8992-5338ABAAEC33}.Debug|Win32.ActiveCfg = Debug|Win32
		{ED70DA87-4200-4A8A-8992-5338ABAAEC33}.Debug|Win32.Build.0 = Debug|Win32
		{ED70DA87-4200-4A8A-8992-5338ABAAEC33}.Release|Win32.ActiveCfg = Release|Win32
		{ED70DA87-4200-4A8A-8992-5338ABAAEC33}.Release|Win32.Build.0 = Release|Win32
	EndGlobalSection
	GlobalSection(SolutionProperties) = preSolution
		HideSolutionNode = FALSE
	EndGlobalSection
EndGlobal
